
Microsoft Visual Studio Solution File, Format Version 12.00
# Visual Studio Version 17
VisualStudioVersion = 17.9.34526.213
MinimumVisualStudioVersion = 10.0.40219.1
Project("{8BC9CEB8-8B4A-11D0-8D11-00A0C91BC942}") = "CGL", "CGL\CGL.vcxproj", "{49321C77-026D-456D-94BC-CD836BBF9892}"
EndProject
Global
	GlobalSection(SolutionConfigurationPlatforms) = preSolution
		Debug|x64 = Debug|x64
		Debug|x86 = Debug|x86
		Release|x64 = Release|x64
		Release|x86 = Release|x86
	EndGlobalSection
	GlobalSection(ProjectConfigurationPlatforms) = postSolution
		{49321C77-026D-456D-94BC-CD836BBF9892}.Debug|x64.ActiveCfg = Debug|x64
		{49321C77-026D-456D-94BC-CD836BBF9892}.Debug|x64.Build.0 = Debug|x64
		{49321C77-026D-456D-94BC-CD836BBF9892}.Debug|x86.ActiveCfg = Debug|Win32
		{49321C77-026D-456D-94BC-CD836BBF9892}.Debug|x86.Build.0 = Debug|Win32
		{49321C77-026D-456D-94BC-CD836BBF9892}.Release|x64.ActiveCfg = Release|x64
		{49321C77-026D-456D-94BC-CD836BBF9892}.Release|x64.Build.0 = Release|x64
		{49321C77-026D-456D-94BC-CD836BBF9892}.Release|x86.ActiveCfg = Release|Win32
		{49321C77-026D-456D-94BC-CD836BBF9892}.Release|x86.Build.0 = Release|Win32
	EndGlobalSection
	GlobalSection(SolutionProperties) = preSolution
		HideSolutionNode = FALSE
	EndGlobalSection
	GlobalSection(ExtensibilityGlobals) = postSolution
		SolutionGuid = {3D2736E8-846E-467A-8B44-9515D2F6EBE9}
	EndGlobalSection
EndGlobal
